#MicroXplorer Configuration settings - do not modify
Mcu.Family=STM32F3
ProjectManager.MainLocation=Core/Src
RCC.MCOFreq_Value=72000000
RCC.USART1Freq_Value=72000000
RCC.CortexFreq_Value=72000000
ProjectManager.KeepUserCode=true
Mcu.UserName=STM32F303VCTx
USART1.BaudRate=9600
RCC.PLLCLKFreq_Value=72000000
PA14.GPIO_Label=SWCLK
PE8.GPIO_PuPd=GPIO_NOPULL
RCC.SYSCLKSourceVirtual=RCC_SYSCLKSOURCE_PLLCLK
PA0.GPIO_Label=KEY
ProjectManager.functionlistsort=1-MX_GPIO_Init-GPIO-false-HAL-true,2-SystemClock_Config-RCC-false-HAL-false,3-MX_CRC_Init-CRC-false-HAL-true,4-MX_USART1_UART_Init-USART1-false-HAL-true
RCC.RTCFreq_Value=40000
RCC.HSEPLLFreq_Value=8000000
RCC.USART2Freq_Value=36000000
PC5.Mode=Asynchronous
USART1.IPParameters=VirtualMode-Asynchronous,BaudRate
PC15-OSC32_OUT.GPIO_Label=OSC32_OUT
PinOutPanel.RotationAngle=0
PE5.GPIOParameters=GPIO_PuPd,GPIO_Label,GPIO_ModeDefaultEXTI
ProjectManager.StackSize=0x400
SH.GPXTI2.0=GPIO_EXTI2
Mcu.IP4=USART1
RCC.FCLKCortexFreq_Value=72000000
NVIC.SVCall_IRQn=true\:0\:0\:false\:false\:true\:false\:false
Mcu.IP2=RCC
Mcu.IP3=SYS
Mcu.IP0=CRC
Mcu.IP1=NVIC
PE4.GPIOParameters=GPIO_PuPd,GPIO_Label,GPIO_ModeDefaultEXTI
Mcu.UserConstants=
PE5.GPIO_PuPd=GPIO_NOPULL
Mcu.ThirdPartyNb=0
RCC.HCLKFreq_Value=72000000
Mcu.IPNb=5
RCC.I2SClocksFreq_Value=72000000
ProjectManager.PreviousToolchain=
RCC.APB2TimFreq_Value=72000000
Mcu.Pin6=PF0-OSC_IN
Mcu.Pin7=PF1-OSC_OUT
Mcu.Pin8=PA0
PE5.Signal=GPXTI5
Mcu.Pin9=PC4
RCC.AHBFreq_Value=72000000
RCC.TIM2Freq_Value=72000000
Mcu.Pin0=PE2
Mcu.Pin1=PE3
GPIO.groupedBy=Group By Peripherals
Mcu.Pin2=PE4
Mcu.Pin3=PE5
RCC.USART3Freq_Value=36000000
Mcu.Pin4=PC14-OSC32_IN
Mcu.Pin5=PC15-OSC32_OUT
ProjectManager.ProjectBuild=false
RCC.HSE_VALUE=8000000
NVIC.UsageFault_IRQn=true\:0\:0\:false\:false\:true\:false\:false
PF0-OSC_IN.GPIO_Label=OSC_IN
PA0.Locked=true
NVIC.DebugMonitor_IRQn=true\:0\:0\:false\:false\:true\:false\:false
NVIC.SysTick_IRQn=true\:0\:0\:false\:false\:true\:true\:true
RCC.PLLMUL=RCC_PLL_MUL9
ProjectManager.FirmwarePackage=STM32Cube FW_F3 V1.11.3
MxDb.Version=DB.6.0.21
ProjectManager.BackupPrevious=false
PF0-OSC_IN.Locked=true
PA14.Mode=Serial_Wire
PE8.Locked=true
File.Version=6
PE4.GPIO_Label=MEMS_INT3 [LSM303DLHC_INT1]
PE3.GPIOParameters=GPIO_Speed,GPIO_PuPd,GPIO_Label,GPIO_ModeDefaultOutputPP
PB3.GPIOParameters=GPIO_Label
PE3.Locked=true
PE2.Signal=GPXTI2
NVIC.PendSV_IRQn=true\:0\:0\:false\:false\:true\:false\:false
PE4.Signal=GPXTI4
ProjectManager.HalAssertFull=false
PC14-OSC32_IN.GPIOParameters=GPIO_Label
ProjectManager.ProjectName=test_aes_f303
PA0.Signal=GPIO_Input
RCC.TIM1Freq_Value=72000000
PA13.GPIOParameters=GPIO_Label
RCC.PLLMCOFreq_Value=36000000
Mcu.Package=LQFP100
RCC.ADC34outputFreq_Value=72000000
PA14.Locked=true
PA0.GPIO_PuPd=GPIO_NOPULL
ProjectManager.ToolChainLocation=
RCC.LSI_VALUE=40000
VP_SYS_VS_Systick.Signal=SYS_VS_Systick
SH.GPXTI5.ConfNb=1
PE8.GPIO_Speed=GPIO_SPEED_FREQ_LOW
RCC.APB1TimFreq_Value=72000000
PE8.GPIO_ModeDefaultOutputPP=GPIO_MODE_OUTPUT_PP
NVIC.BusFault_IRQn=true\:0\:0\:false\:false\:true\:false\:false
PC14-OSC32_IN.GPIO_Label=OSC32_IN
PC5.Signal=USART1_RX
PC15-OSC32_OUT.GPIOParameters=GPIO_Label
PF1-OSC_OUT.Mode=HSE-External-Oscillator
PE2.GPIO_Label=DRDY [LSM303DLHC_DRDY]
ProjectManager.CustomerFirmwarePackage=
PC14-OSC32_IN.Locked=true
PF1-OSC_OUT.Signal=RCC_OSC_OUT
PC4.Mode=Asynchronous
PB3.Locked=true
PB3.GPIO_Label=SWO
RCC.PLLSourceVirtual=RCC_PLLSOURCE_HSE
SH.GPXTI5.0=GPIO_EXTI5
ProjectManager.ProjectFileName=test_aes_f303.ioc
PE8.GPIOParameters=GPIO_Speed,GPIO_PuPd,GPIO_Label,GPIO_ModeDefaultOutputPP
RCC.ADC12outputFreq_Value=72000000
Mcu.PinsNb=17
ProjectManager.NoMain=false
PC4.Signal=USART1_TX
PE4.GPIO_ModeDefaultEXTI=GPIO_MODE_EVT_RISING
PA0.GPIO_Mode=GPIO_MODE_INPUT
ProjectManager.DefaultFWLocation=true
ProjectManager.DeletePrevious=true
PF1-OSC_OUT.Locked=true
RCC.HSIPLLFreq_Value=4000000
RCC.APB1CLKDivider=RCC_HCLK_DIV2
PC14-OSC32_IN.Signal=RCC_OSC32_IN
boardIOC=true
RCC.FamilyName=M
USART1.VirtualMode-Asynchronous=VM_ASYNC
PA13.Signal=SYS_JTMS-SWDIO
PC15-OSC32_OUT.Locked=true
SH.GPXTI2.ConfNb=1
ProjectManager.TargetToolchain=STM32CubeIDE
PE5.GPIO_ModeDefaultEXTI=GPIO_MODE_EVT_RISING
VP_CRC_VS_CRC.Signal=CRC_VS_CRC
PE8.GPIO_Label=LD4 [Blue Led]
PE4.Locked=true
PE2.GPIOParameters=GPIO_PuPd,GPIO_Label,GPIO_ModeDefaultEXTI
ProjectManager.RegisterCallBack=
RCC.USBFreq_Value=72000000
RCC.LSE_VALUE=32768
PC15-OSC32_OUT.Signal=RCC_OSC32_OUT
PF1-OSC_OUT.GPIOParameters=GPIO_Label
PF0-OSC_IN.Mode=HSE-External-Oscillator
PE2.GPIO_PuPd=GPIO_NOPULL
board=STM32F3DISCOVERY
ProjectManager.LastFirmware=true
RCC.VCOOutput2Freq_Value=8000000
RCC.APB2Freq_Value=72000000
RCC.TIM8Freq_Value=72000000
RCC.UART4Freq_Value=36000000
MxCube.Version=6.2.1
RCC.I2C1Freq_Value=8000000
PE8.Signal=GPIO_Output
PF1-OSC_OUT.GPIO_Label=OSC_OUT
VP_SYS_VS_Systick.Mode=SysTick
PE3.GPIO_PuPd=GPIO_NOPULL
NVIC.NonMaskableInt_IRQn=true\:0\:0\:false\:false\:true\:false\:false
PE5.Locked=true
RCC.UART5Freq_Value=36000000
PA13.Mode=Serial_Wire
ProjectManager.FreePins=false
RCC.IPParameters=ADC12outputFreq_Value,ADC34outputFreq_Value,AHBFreq_Value,APB1CLKDivider,APB1Freq_Value,APB1TimFreq_Value,APB2Freq_Value,APB2TimFreq_Value,CortexFreq_Value,FCLKCortexFreq_Value,FamilyName,HCLKFreq_Value,HSEPLLFreq_Value,HSE_VALUE,HSIPLLFreq_Value,HSI_VALUE,I2C1Freq_Value,I2C2Freq_Value,I2SClocksFreq_Value,LSE_VALUE,LSI_VALUE,MCOFreq_Value,PLLCLKFreq_Value,PLLMCOFreq_Value,PLLMUL,PLLSourceVirtual,RTCFreq_Value,RTCHSEDivFreq_Value,SYSCLKFreq_VALUE,SYSCLKSourceVirtual,TIM1Freq_Value,TIM2Freq_Value,TIM8Freq_Value,UART4Freq_Value,UART5Freq_Value,USART1Freq_Value,USART2Freq_Value,USART3Freq_Value,USBFreq_Value,VCOOutput2Freq_Value
ProjectManager.AskForMigrate=true
Mcu.Name=STM32F303V(B-C)Tx
RCC.RTCHSEDivFreq_Value=250000
PA13.GPIO_Label=SWDIO
ProjectManager.UnderRoot=true
PE4.GPIO_PuPd=GPIO_NOPULL
ProjectManager.CoupleFile=false
PB3.Signal=SYS_JTDO-TRACESWO
RCC.SYSCLKFreq_VALUE=72000000
SH.GPXTI4.0=GPIO_EXTI4
NVIC.ForceEnableDMAVector=true
KeepUserPlacement=false
PE3.GPIO_Speed=GPIO_SPEED_FREQ_LOW
PE3.GPIO_ModeDefaultOutputPP=GPIO_MODE_OUTPUT_PP
PA14.GPIOParameters=GPIO_Label
NVIC.MemoryManagement_IRQn=true\:0\:0\:false\:false\:true\:false\:false
PA13.Locked=true
PE5.GPIO_Label=MEMS_INT4 [LSM303DLHC_INT2]
ProjectManager.CompilerOptimize=6
PA14.Signal=SYS_JTCK-SWCLK
ProjectManager.HeapSize=0x200
PA0.GPIOParameters=GPIO_PuPd,GPIO_Label,GPIO_Mode
Mcu.Pin15=VP_CRC_VS_CRC
NVIC.HardFault_IRQn=true\:0\:0\:false\:false\:true\:false\:false
Mcu.Pin16=VP_SYS_VS_Systick
SH.GPXTI4.ConfNb=1
Mcu.Pin13=PA14
Mcu.Pin14=PB3
ProjectManager.ComputerToolchain=false
RCC.HSI_VALUE=8000000
NVIC.PriorityGroup=NVIC_PRIORITYGROUP_0
Mcu.Pin11=PE8
Mcu.Pin12=PA13
Mcu.Pin10=PC5
PE3.Signal=GPIO_Output
PE2.Locked=true
PE3.GPIO_Label=CS_I2C/SPI [L3GD20_CS_I2C/SPI]
PE2.GPIO_ModeDefaultEXTI=GPIO_MODE_EVT_RISING
PF0-OSC_IN.Signal=RCC_OSC_IN
PF0-OSC_IN.GPIOParameters=GPIO_Label
RCC.I2C2Freq_Value=8000000
RCC.APB1Freq_Value=36000000
VP_CRC_VS_CRC.Mode=CRC_Activate
ProjectManager.DeviceId=STM32F303VCTx
ProjectManager.LibraryCopy=1
isbadioc=false
